
Microsoft Visual Studio Solution File, Format Version 12.00
# Visual Studio Version 16
VisualStudioVersion = 16.0.29215.179
MinimumVisualStudioVersion = 10.0.40219.1
Project("{9A19103F-16F7-4668-BE54-9A1E7A4F7556}") = "1", "1.csproj", "{21769AB3-376D-4081-B4DE-95EBED7607D4}"
EndProject
Global
	GlobalSection(SolutionConfigurationPlatforms) = preSolution
		Debug|Any CPU = Debug|Any CPU
		Release|Any CPU = Release|Any CPU
	EndGlobalSection
	GlobalSection(ProjectConfigurationPlatforms) = postSolution
		{21769AB3-376D-4081-B4DE-95EBED7607D4}.Debug|Any CPU.ActiveCfg = Debug|Any CPU
		{21769AB3-376D-4081-B4DE-95EBED7607D4}.Debug|Any CPU.Build.0 = Debug|Any CPU
		{21769AB3-376D-4081-B4DE-95EBED7607D4}.Release|Any CPU.ActiveCfg = Release|Any CPU
		{21769AB3-376D-4081-B4DE-95EBED7607D4}.Release|Any CPU.Build.0 = Release|Any CPU
	EndGlobalSection
	GlobalSection(SolutionProperties) = preSolution
		HideSolutionNode = FALSE
	EndGlobalSection
	GlobalSection(ExtensibilityGlobals) = postSolution
		SolutionGuid = {55597D15-E209-4628-ACF4-0FC976C10CFB}
	EndGlobalSection
EndGlobal
